
Microsoft Visual Studio Solution File, Format Version 12.00
# Visual Studio Version 17
VisualStudioVersion = 17.11.35222.181
MinimumVisualStudioVersion = 10.0.40219.1
Project("{FAE04EC0-301F-11D3-BF4B-00C04F79EFBC}") = "Server.Main", "Server.Main\Server.Main.csproj", "{C7C14389-D8BC-4D9E-A766-BF7B4EC73F8C}"
EndProject
Project("{FAE04EC0-301F-11D3-BF4B-00C04F79EFBC}") = "Server.Repository", "Server.Repository\Server.Repository.csproj", "{31D00841-DB7F-47F0-953A-795F9379BF0F}"
EndProject
Project("{FAE04EC0-301F-11D3-BF4B-00C04F79EFBC}") = "Server.SystemOperations", "Server.SystemOperations\Server.SystemOperations.csproj", "{FAEB7FBC-379E-4961-B419-191A2C8CA978}"
EndProject
Project("{FAE04EC0-301F-11D3-BF4B-00C04F79EFBC}") = "Client.Forms", "Client.Forms\Client.Forms.csproj", "{A4F5EF2B-2A1F-4CE2-8B52-2FF7754CF33C}"
EndProject
Project("{FAE04EC0-301F-11D3-BF4B-00C04F79EFBC}") = "Common.Communication", "Common.Communication\Common.Communication.csproj", "{645E7ED7-013B-48E4-96DF-E5A23A775B60}"
EndProject
Project("{FAE04EC0-301F-11D3-BF4B-00C04F79EFBC}") = "Common.Domain", "Common.Domain\Common.Domain.csproj", "{C0408339-DA94-4CA2-8519-47C5DECB15A4}"
EndProject
Project("{FAE04EC0-301F-11D3-BF4B-00C04F79EFBC}") = "Server.DatabaseBroker", "Server.DatabaseBroker\Server.DatabaseBroker.csproj", "{458CF839-C421-4D0C-A02D-5FD5F3421C8C}"
EndProject
Project("{FAE04EC0-301F-11D3-BF4B-00C04F79EFBC}") = "Server.ApplicationLogic", "Server.ApplicationLogic\Server.ApplicationLogic.csproj", "{4DA9CEBF-91AD-4A36-BE97-0C88F80DD5C6}"
EndProject
Global
	GlobalSection(SolutionConfigurationPlatforms) = preSolution
		Debug|Any CPU = Debug|Any CPU
		Release|Any CPU = Release|Any CPU
	EndGlobalSection
	GlobalSection(ProjectConfigurationPlatforms) = postSolution
		{C7C14389-D8BC-4D9E-A766-BF7B4EC73F8C}.Debug|Any CPU.ActiveCfg = Debug|Any CPU
		{C7C14389-D8BC-4D9E-A766-BF7B4EC73F8C}.Debug|Any CPU.Build.0 = Debug|Any CPU
		{C7C14389-D8BC-4D9E-A766-BF7B4EC73F8C}.Release|Any CPU.ActiveCfg = Release|Any CPU
		{C7C14389-D8BC-4D9E-A766-BF7B4EC73F8C}.Release|Any CPU.Build.0 = Release|Any CPU
		{31D00841-DB7F-47F0-953A-795F9379BF0F}.Debug|Any CPU.ActiveCfg = Debug|Any CPU
		{31D00841-DB7F-47F0-953A-795F9379BF0F}.Debug|Any CPU.Build.0 = Debug|Any CPU
		{31D00841-DB7F-47F0-953A-795F9379BF0F}.Release|Any CPU.ActiveCfg = Release|Any CPU
		{31D00841-DB7F-47F0-953A-795F9379BF0F}.Release|Any CPU.Build.0 = Release|Any CPU
		{FAEB7FBC-379E-4961-B419-191A2C8CA978}.Debug|Any CPU.ActiveCfg = Debug|Any CPU
		{FAEB7FBC-379E-4961-B419-191A2C8CA978}.Debug|Any CPU.Build.0 = Debug|Any CPU
		{FAEB7FBC-379E-4961-B419-191A2C8CA978}.Release|Any CPU.ActiveCfg = Release|Any CPU
		{FAEB7FBC-379E-4961-B419-191A2C8CA978}.Release|Any CPU.Build.0 = Release|Any CPU
		{A4F5EF2B-2A1F-4CE2-8B52-2FF7754CF33C}.Debug|Any CPU.ActiveCfg = Debug|Any CPU
		{A4F5EF2B-2A1F-4CE2-8B52-2FF7754CF33C}.Debug|Any CPU.Build.0 = Debug|Any CPU
		{A4F5EF2B-2A1F-4CE2-8B52-2FF7754CF33C}.Release|Any CPU.ActiveCfg = Release|Any CPU
		{A4F5EF2B-2A1F-4CE2-8B52-2FF7754CF33C}.Release|Any CPU.Build.0 = Release|Any CPU
		{645E7ED7-013B-48E4-96DF-E5A23A775B60}.Debug|Any CPU.ActiveCfg = Debug|Any CPU
		{645E7ED7-013B-48E4-96DF-E5A23A775B60}.Debug|Any CPU.Build.0 = Debug|Any CPU
		{645E7ED7-013B-48E4-96DF-E5A23A775B60}.Release|Any CPU.ActiveCfg = Release|Any CPU
		{645E7ED7-013B-48E4-96DF-E5A23A775B60}.Release|Any CPU.Build.0 = Release|Any CPU
		{C0408339-DA94-4CA2-8519-47C5DECB15A4}.Debug|Any CPU.ActiveCfg = Debug|Any CPU
		{C0408339-DA94-4CA2-8519-47C5DECB15A4}.Debug|Any CPU.Build.0 = Debug|Any CPU
		{C0408339-DA94-4CA2-8519-47C5DECB15A4}.Release|Any CPU.ActiveCfg = Release|Any CPU
		{C0408339-DA94-4CA2-8519-47C5DECB15A4}.Release|Any CPU.Build.0 = Release|Any CPU
		{458CF839-C421-4D0C-A02D-5FD5F3421C8C}.Debug|Any CPU.ActiveCfg = Debug|Any CPU
		{458CF839-C421-4D0C-A02D-5FD5F3421C8C}.Debug|Any CPU.Build.0 = Debug|Any CPU
		{458CF839-C421-4D0C-A02D-5FD5F3421C8C}.Release|Any CPU.ActiveCfg = Release|Any CPU
		{458CF839-C421-4D0C-A02D-5FD5F3421C8C}.Release|Any CPU.Build.0 = Release|Any CPU
		{4DA9CEBF-91AD-4A36-BE97-0C88F80DD5C6}.Debug|Any CPU.ActiveCfg = Debug|Any CPU
		{4DA9CEBF-91AD-4A36-BE97-0C88F80DD5C6}.Debug|Any CPU.Build.0 = Debug|Any CPU
		{4DA9CEBF-91AD-4A36-BE97-0C88F80DD5C6}.Release|Any CPU.ActiveCfg = Release|Any CPU
		{4DA9CEBF-91AD-4A36-BE97-0C88F80DD5C6}.Release|Any CPU.Build.0 = Release|Any CPU
	EndGlobalSection
	GlobalSection(SolutionProperties) = preSolution
		HideSolutionNode = FALSE
	EndGlobalSection
	GlobalSection(ExtensibilityGlobals) = postSolution
		SolutionGuid = {06FF6EE9-2701-4D97-A200-820366CCEB7B}
	EndGlobalSection
EndGlobal
